
Microsoft Visual Studio Solution File, Format Version 12.00
# Visual Studio Version 17
VisualStudioVersion = 17.2.32630.192
MinimumVisualStudioVersion = 10.0.40219.1
Project("{FAE04EC0-301F-11D3-BF4B-00C04F79EFBC}") = "cicd", "cicd\cicd.csproj", "{31F60EBA-8398-4D60-9AD7-C040CCB1C6A2}"
EndProject
Global
	GlobalSection(SolutionConfigurationPlatforms) = preSolution
		Debug|Any CPU = Debug|Any CPU
		Release|Any CPU = Release|Any CPU
	EndGlobalSection
	GlobalSection(ProjectConfigurationPlatforms) = postSolution
		{31F60EBA-8398-4D60-9AD7-C040CCB1C6A2}.Debug|Any CPU.ActiveCfg = Debug|Any CPU
		{31F60EBA-8398-4D60-9AD7-C040CCB1C6A2}.Debug|Any CPU.Build.0 = Debug|Any CPU
		{31F60EBA-8398-4D60-9AD7-C040CCB1C6A2}.Release|Any CPU.ActiveCfg = Release|Any CPU
		{31F60EBA-8398-4D60-9AD7-C040CCB1C6A2}.Release|Any CPU.Build.0 = Release|Any CPU
	EndGlobalSection
	GlobalSection(SolutionProperties) = preSolution
		HideSolutionNode = FALSE
	EndGlobalSection
	GlobalSection(ExtensibilityGlobals) = postSolution
		SolutionGuid = {B0BE9038-25E8-4D2F-AB52-C6FEA56314C7}
	EndGlobalSection
EndGlobal
